
Microsoft Visual Studio Solution File, Format Version 12.00
# Visual Studio 14
VisualStudioVersion = 14.0.25420.1
MinimumVisualStudioVersion = 10.0.40219.1
Project("{FAE04EC0-301F-11D3-BF4B-00C04F79EFBC}") = "SortMyBills", "SortMyBills\SortMyBills.csproj", "{C229B27B-4EC0-464B-B679-72FA32FB336F}"
EndProject
Project("{FAE04EC0-301F-11D3-BF4B-00C04F79EFBC}") = "SortMyBillsTests", "SortMyBillsTests\SortMyBillsTests.csproj", "{7CAA1DC0-CEF6-46A0-A3E4-A471A041DD48}"
EndProject
Project("{F088123C-0E9E-452A-89E6-6BA2F21D5CAC}") = "ModelingProject1", "ModelingProject1\ModelingProject1.modelproj", "{68EDAE92-5305-4BC6-88CB-1672B03497F5}"
EndProject
Global
	GlobalSection(SolutionConfigurationPlatforms) = preSolution
		Debug|Any CPU = Debug|Any CPU
		Release|Any CPU = Release|Any CPU
	EndGlobalSection
	GlobalSection(ProjectConfigurationPlatforms) = postSolution
		{C229B27B-4EC0-464B-B679-72FA32FB336F}.Debug|Any CPU.ActiveCfg = Debug|Any CPU
		{C229B27B-4EC0-464B-B679-72FA32FB336F}.Debug|Any CPU.Build.0 = Debug|Any CPU
		{C229B27B-4EC0-464B-B679-72FA32FB336F}.Release|Any CPU.ActiveCfg = Release|Any CPU
		{C229B27B-4EC0-464B-B679-72FA32FB336F}.Release|Any CPU.Build.0 = Release|Any CPU
		{7CAA1DC0-CEF6-46A0-A3E4-A471A041DD48}.Debug|Any CPU.ActiveCfg = Debug|Any CPU
		{7CAA1DC0-CEF6-46A0-A3E4-A471A041DD48}.Debug|Any CPU.Build.0 = Debug|Any CPU
		{7CAA1DC0-CEF6-46A0-A3E4-A471A041DD48}.Release|Any CPU.ActiveCfg = Release|Any CPU
		{7CAA1DC0-CEF6-46A0-A3E4-A471A041DD48}.Release|Any CPU.Build.0 = Release|Any CPU
		{68EDAE92-5305-4BC6-88CB-1672B03497F5}.Debug|Any CPU.ActiveCfg = Debug|Any CPU
		{68EDAE92-5305-4BC6-88CB-1672B03497F5}.Debug|Any CPU.Build.0 = Debug|Any CPU
		{68EDAE92-5305-4BC6-88CB-1672B03497F5}.Release|Any CPU.ActiveCfg = Release|Any CPU
		{68EDAE92-5305-4BC6-88CB-1672B03497F5}.Release|Any CPU.Build.0 = Release|Any CPU
	EndGlobalSection
	GlobalSection(SolutionProperties) = preSolution
		HideSolutionNode = FALSE
	EndGlobalSection
EndGlobal
